// !$*UTF8*$!
{
	archiveVersion = 1;
	classes = {
	};
	objectVersion = 56;
	objects = {

/* Begin PBXBuildFile section */
		FE40B3312C5036D3005170AF /* SweepTaskApp.swift in Sources */ = {isa = PBXBuildFile; fileRef = FE40B3302C5036D3005170AF /* SweepTaskApp.swift */; };
		FE40B3332C5036D3005170AF /* ContentView.swift in Sources */ = {isa = PBXBuildFile; fileRef = FE40B3322C5036D3005170AF /* ContentView.swift */; };
		FE40B3352C5036D5005170AF /* Assets.xcassets in Resources */ = {isa = PBXBuildFile; fileRef = FE40B3342C5036D5005170AF /* Assets.xcassets */; };
		FE40B3382C5036D5005170AF /* Preview Assets.xcassets in Resources */ = {isa = PBXBuildFile; fileRef = FE40B3372C5036D5005170AF /* Preview Assets.xcassets */; };
		FE40B3422C5036D5005170AF /* SweepTaskTests.swift in Sources */ = {isa = PBXBuildFile; fileRef = FE40B3412C5036D5005170AF /* SweepTaskTests.swift */; };
		FE40B34C2C5036D5005170AF /* SweepTaskUITests.swift in Sources */ = {isa = PBXBuildFile; fileRef = FE40B34B2C5036D5005170AF /* SweepTaskUITests.swift */; };
		FE40B34E2C5036D5005170AF /* SweepTaskUITestsLaunchTests.swift in Sources */ = {isa = PBXBuildFile; fileRef = FE40B34D2C5036D5005170AF /* SweepTaskUITestsLaunchTests.swift */; };
		FE40B35D2C503B16005170AF /* BluetoothManager.swift in Sources */ = {isa = PBXBuildFile; fileRef = FE40B35C2C503B16005170AF /* BluetoothManager.swift */; };
		FE40B3602C503B61005170AF /* ScannedDevice.swift in Sources */ = {isa = PBXBuildFile; fileRef = FE40B35F2C503B61005170AF /* ScannedDevice.swift */; };
		FE40B3642C503FB0005170AF /* DeviceLocationView.swift in Sources */ = {isa = PBXBuildFile; fileRef = FE40B3632C503FB0005170AF /* DeviceLocationView.swift */; };
		FE40B3662C504B26005170AF /* SignalStrengthView.swift in Sources */ = {isa = PBXBuildFile; fileRef = FE40B3652C504B26005170AF /* SignalStrengthView.swift */; };
		FE40B3682C505346005170AF /* HapticFeedback.swift in Sources */ = {isa = PBXBuildFile; fileRef = FE40B3672C505346005170AF /* HapticFeedback.swift */; };
		FE40B3EB2C51997B005170AF /* SignalStrengthModel.swift in Sources */ = {isa = PBXBuildFile; fileRef = FE40B3EA2C51997B005170AF /* SignalStrengthModel.swift */; };
		FE40B3ED2C51C99A005170AF /* ProximityRange.swift in Sources */ = {isa = PBXBuildFile; fileRef = FE40B3EC2C51C99A005170AF /* ProximityRange.swift */; };
		FE40B3EF2C51CB1F005170AF /* ShimmerView.swift in Sources */ = {isa = PBXBuildFile; fileRef = FE40B3EE2C51CB1F005170AF /* ShimmerView.swift */; };
		FE40B3F22C51D9E0005170AF /* ShimmerEffectHelper.swift in Sources */ = {isa = PBXBuildFile; fileRef = FE40B3F12C51D9E0005170AF /* ShimmerEffectHelper.swift */; };
		FE40B3F42C51DA44005170AF /* ShimmerConfig.swift in Sources */ = {isa = PBXBuildFile; fileRef = FE40B3F32C51DA44005170AF /* ShimmerConfig.swift */; };
		FE40B3F72C51DAA6005170AF /* ShimmerExtensions.swift in Sources */ = {isa = PBXBuildFile; fileRef = FE40B3F62C51DAA6005170AF /* ShimmerExtensions.swift */; };
		FE40B3F92C51DCC9005170AF /* DeviceLocationViewModel.swift in Sources */ = {isa = PBXBuildFile; fileRef = FE40B3F82C51DCC9005170AF /* DeviceLocationViewModel.swift */; };
/* End PBXBuildFile section */

/* Begin PBXContainerItemProxy section */
		FE40B33E2C5036D5005170AF /* PBXContainerItemProxy */ = {
			isa = PBXContainerItemProxy;
			containerPortal = FE40B3252C5036D3005170AF /* Project object */;
			proxyType = 1;
			remoteGlobalIDString = FE40B32C2C5036D3005170AF;
			remoteInfo = SweepTask;
		};
		FE40B3482C5036D5005170AF /* PBXContainerItemProxy */ = {
			isa = PBXContainerItemProxy;
			containerPortal = FE40B3252C5036D3005170AF /* Project object */;
			proxyType = 1;
			remoteGlobalIDString = FE40B32C2C5036D3005170AF;
			remoteInfo = SweepTask;
		};
/* End PBXContainerItemProxy section */

/* Begin PBXFileReference section */
		FE40B32D2C5036D3005170AF /* SweepTask.app */ = {isa = PBXFileReference; explicitFileType = wrapper.application; includeInIndex = 0; path = SweepTask.app; sourceTree = BUILT_PRODUCTS_DIR; };
		FE40B3302C5036D3005170AF /* SweepTaskApp.swift */ = {isa = PBXFileReference; lastKnownFileType = sourcecode.swift; path = SweepTaskApp.swift; sourceTree = "<group>"; };
		FE40B3322C5036D3005170AF /* ContentView.swift */ = {isa = PBXFileReference; lastKnownFileType = sourcecode.swift; path = ContentView.swift; sourceTree = "<group>"; };
		FE40B3342C5036D5005170AF /* Assets.xcassets */ = {isa = PBXFileReference; lastKnownFileType = folder.assetcatalog; path = Assets.xcassets; sourceTree = "<group>"; };
		FE40B3372C5036D5005170AF /* Preview Assets.xcassets */ = {isa = PBXFileReference; lastKnownFileType = folder.assetcatalog; path = "Preview Assets.xcassets"; sourceTree = "<group>"; };
		FE40B33D2C5036D5005170AF /* SweepTaskTests.xctest */ = {isa = PBXFileReference; explicitFileType = wrapper.cfbundle; includeInIndex = 0; path = SweepTaskTests.xctest; sourceTree = BUILT_PRODUCTS_DIR; };
		FE40B3412C5036D5005170AF /* SweepTaskTests.swift */ = {isa = PBXFileReference; lastKnownFileType = sourcecode.swift; path = SweepTaskTests.swift; sourceTree = "<group>"; };
		FE40B3472C5036D5005170AF /* SweepTaskUITests.xctest */ = {isa = PBXFileReference; explicitFileType = wrapper.cfbundle; includeInIndex = 0; path = SweepTaskUITests.xctest; sourceTree = BUILT_PRODUCTS_DIR; };
		FE40B34B2C5036D5005170AF /* SweepTaskUITests.swift */ = {isa = PBXFileReference; lastKnownFileType = sourcecode.swift; path = SweepTaskUITests.swift; sourceTree = "<group>"; };
		FE40B34D2C5036D5005170AF /* SweepTaskUITestsLaunchTests.swift */ = {isa = PBXFileReference; lastKnownFileType = sourcecode.swift; path = SweepTaskUITestsLaunchTests.swift; sourceTree = "<group>"; };
		FE40B35A2C5037DB005170AF /* Info.plist */ = {isa = PBXFileReference; lastKnownFileType = text.plist; path = Info.plist; sourceTree = "<group>"; };
		FE40B35C2C503B16005170AF /* BluetoothManager.swift */ = {isa = PBXFileReference; lastKnownFileType = sourcecode.swift; path = BluetoothManager.swift; sourceTree = "<group>"; };
		FE40B35F2C503B61005170AF /* ScannedDevice.swift */ = {isa = PBXFileReference; lastKnownFileType = sourcecode.swift; path = ScannedDevice.swift; sourceTree = "<group>"; };
		FE40B3632C503FB0005170AF /* DeviceLocationView.swift */ = {isa = PBXFileReference; lastKnownFileType = sourcecode.swift; path = DeviceLocationView.swift; sourceTree = "<group>"; };
		FE40B3652C504B26005170AF /* SignalStrengthView.swift */ = {isa = PBXFileReference; lastKnownFileType = sourcecode.swift; path = SignalStrengthView.swift; sourceTree = "<group>"; };
		FE40B3672C505346005170AF /* HapticFeedback.swift */ = {isa = PBXFileReference; lastKnownFileType = sourcecode.swift; path = HapticFeedback.swift; sourceTree = "<group>"; };
		FE40B3EA2C51997B005170AF /* SignalStrengthModel.swift */ = {isa = PBXFileReference; lastKnownFileType = sourcecode.swift; path = SignalStrengthModel.swift; sourceTree = "<group>"; };
		FE40B3EC2C51C99A005170AF /* ProximityRange.swift */ = {isa = PBXFileReference; lastKnownFileType = sourcecode.swift; path = ProximityRange.swift; sourceTree = "<group>"; };
		FE40B3EE2C51CB1F005170AF /* ShimmerView.swift */ = {isa = PBXFileReference; lastKnownFileType = sourcecode.swift; path = ShimmerView.swift; sourceTree = "<group>"; };
		FE40B3F12C51D9E0005170AF /* ShimmerEffectHelper.swift */ = {isa = PBXFileReference; lastKnownFileType = sourcecode.swift; path = ShimmerEffectHelper.swift; sourceTree = "<group>"; };
		FE40B3F32C51DA44005170AF /* ShimmerConfig.swift */ = {isa = PBXFileReference; lastKnownFileType = sourcecode.swift; path = ShimmerConfig.swift; sourceTree = "<group>"; };
		FE40B3F62C51DAA6005170AF /* ShimmerExtensions.swift */ = {isa = PBXFileReference; lastKnownFileType = sourcecode.swift; path = ShimmerExtensions.swift; sourceTree = "<group>"; };
		FE40B3F82C51DCC9005170AF /* DeviceLocationViewModel.swift */ = {isa = PBXFileReference; lastKnownFileType = sourcecode.swift; path = DeviceLocationViewModel.swift; sourceTree = "<group>"; };
/* End PBXFileReference section */

/* Begin PBXFrameworksBuildPhase section */
		FE40B32A2C5036D3005170AF /* Frameworks */ = {
			isa = PBXFrameworksBuildPhase;
			buildActionMask = 2147483647;
			files = (
			);
			runOnlyForDeploymentPostprocessing = 0;
		};
		FE40B33A2C5036D5005170AF /* Frameworks */ = {
			isa = PBXFrameworksBuildPhase;
			buildActionMask = 2147483647;
			files = (
			);
			runOnlyForDeploymentPostprocessing = 0;
		};
		FE40B3442C5036D5005170AF /* Frameworks */ = {
			isa = PBXFrameworksBuildPhase;
			buildActionMask = 2147483647;
			files = (
			);
			runOnlyForDeploymentPostprocessing = 0;
		};
/* End PBXFrameworksBuildPhase section */

/* Begin PBXGroup section */
		FE40B3242C5036D3005170AF = {
			isa = PBXGroup;
			children = (
				FE40B32F2C5036D3005170AF /* SweepTask */,
				FE40B3402C5036D5005170AF /* SweepTaskTests */,
				FE40B34A2C5036D5005170AF /* SweepTaskUITests */,
				FE40B32E2C5036D3005170AF /* Products */,
			);
			sourceTree = "<group>";
		};
		FE40B32E2C5036D3005170AF /* Products */ = {
			isa = PBXGroup;
			children = (
				FE40B32D2C5036D3005170AF /* SweepTask.app */,
				FE40B33D2C5036D5005170AF /* SweepTaskTests.xctest */,
				FE40B3472C5036D5005170AF /* SweepTaskUITests.xctest */,
			);
			name = Products;
			sourceTree = "<group>";
		};
		FE40B32F2C5036D3005170AF /* SweepTask */ = {
			isa = PBXGroup;
			children = (
				FE40B35B2C503AF9005170AF /* Utilities */,
				FE40B35E2C503B53005170AF /* Model */,
				FE40B3612C503E2E005170AF /* View */,
				FE40B3622C503EA0005170AF /* ViewModel */,
				FE40B3302C5036D3005170AF /* SweepTaskApp.swift */,
				FE40B3342C5036D5005170AF /* Assets.xcassets */,
				FE40B35A2C5037DB005170AF /* Info.plist */,
				FE40B3362C5036D5005170AF /* Preview Content */,
			);
			path = SweepTask;
			sourceTree = "<group>";
		};
		FE40B3362C5036D5005170AF /* Preview Content */ = {
			isa = PBXGroup;
			children = (
				FE40B3372C5036D5005170AF /* Preview Assets.xcassets */,
			);
			path = "Preview Content";
			sourceTree = "<group>";
		};
		FE40B3402C5036D5005170AF /* SweepTaskTests */ = {
			isa = PBXGroup;
			children = (
				FE40B3412C5036D5005170AF /* SweepTaskTests.swift */,
			);
			path = SweepTaskTests;
			sourceTree = "<group>";
		};
		FE40B34A2C5036D5005170AF /* SweepTaskUITests */ = {
			isa = PBXGroup;
			children = (
				FE40B34B2C5036D5005170AF /* SweepTaskUITests.swift */,
				FE40B34D2C5036D5005170AF /* SweepTaskUITestsLaunchTests.swift */,
			);
			path = SweepTaskUITests;
			sourceTree = "<group>";
		};
		FE40B35B2C503AF9005170AF /* Utilities */ = {
			isa = PBXGroup;
			children = (
				FE40B35C2C503B16005170AF /* BluetoothManager.swift */,
				FE40B3672C505346005170AF /* HapticFeedback.swift */,
				FE40B3F02C51D9CE005170AF /* ViewModifiers */,
			);
			path = Utilities;
			sourceTree = "<group>";
		};
		FE40B35E2C503B53005170AF /* Model */ = {
			isa = PBXGroup;
			children = (
				FE40B35F2C503B61005170AF /* ScannedDevice.swift */,
				FE40B3EA2C51997B005170AF /* SignalStrengthModel.swift */,
				FE40B3EC2C51C99A005170AF /* ProximityRange.swift */,
				FE40B3F32C51DA44005170AF /* ShimmerConfig.swift */,
			);
			path = Model;
			sourceTree = "<group>";
		};
		FE40B3612C503E2E005170AF /* View */ = {
			isa = PBXGroup;
			children = (
				FE40B3F52C51DA96005170AF /* Extensions */,
				FE40B3322C5036D3005170AF /* ContentView.swift */,
				FE40B3632C503FB0005170AF /* DeviceLocationView.swift */,
				FE40B3652C504B26005170AF /* SignalStrengthView.swift */,
				FE40B3EE2C51CB1F005170AF /* ShimmerView.swift */,
			);
			path = View;
			sourceTree = "<group>";
		};
		FE40B3622C503EA0005170AF /* ViewModel */ = {
			isa = PBXGroup;
			children = (
				FE40B3F82C51DCC9005170AF /* DeviceLocationViewModel.swift */,
			);
			path = ViewModel;
			sourceTree = "<group>";
		};
		FE40B3F02C51D9CE005170AF /* ViewModifiers */ = {
			isa = PBXGroup;
			children = (
				FE40B3F12C51D9E0005170AF /* ShimmerEffectHelper.swift */,
			);
			path = ViewModifiers;
			sourceTree = "<group>";
		};
		FE40B3F52C51DA96005170AF /* Extensions */ = {
			isa = PBXGroup;
			children = (
				FE40B3F62C51DAA6005170AF /* ShimmerExtensions.swift */,
			);
			path = Extensions;
			sourceTree = "<group>";
		};
/* End PBXGroup section */

/* Begin PBXNativeTarget section */
		FE40B32C2C5036D3005170AF /* SweepTask */ = {
			isa = PBXNativeTarget;
			buildConfigurationList = FE40B3512C5036D5005170AF /* Build configuration list for PBXNativeTarget "SweepTask" */;
			buildPhases = (
				FE40B3292C5036D3005170AF /* Sources */,
				FE40B32A2C5036D3005170AF /* Frameworks */,
				FE40B32B2C5036D3005170AF /* Resources */,
			);
			buildRules = (
			);
			dependencies = (
			);
			name = SweepTask;
			productName = SweepTask;
			productReference = FE40B32D2C5036D3005170AF /* SweepTask.app */;
			productType = "com.apple.product-type.application";
		};
		FE40B33C2C5036D5005170AF /* SweepTaskTests */ = {
			isa = PBXNativeTarget;
			buildConfigurationList = FE40B3542C5036D5005170AF /* Build configuration list for PBXNativeTarget "SweepTaskTests" */;
			buildPhases = (
				FE40B3392C5036D5005170AF /* Sources */,
				FE40B33A2C5036D5005170AF /* Frameworks */,
				FE40B33B2C5036D5005170AF /* Resources */,
			);
			buildRules = (
			);
			dependencies = (
				FE40B33F2C5036D5005170AF /* PBXTargetDependency */,
			);
			name = SweepTaskTests;
			productName = SweepTaskTests;
			productReference = FE40B33D2C5036D5005170AF /* SweepTaskTests.xctest */;
			productType = "com.apple.product-type.bundle.unit-test";
		};
		FE40B3462C5036D5005170AF /* SweepTaskUITests */ = {
			isa = PBXNativeTarget;
			buildConfigurationList = FE40B3572C5036D5005170AF /* Build configuration list for PBXNativeTarget "SweepTaskUITests" */;
			buildPhases = (
				FE40B3432C5036D5005170AF /* Sources */,
				FE40B3442C5036D5005170AF /* Frameworks */,
				FE40B3452C5036D5005170AF /* Resources */,
			);
			buildRules = (
			);
			dependencies = (
				FE40B3492C5036D5005170AF /* PBXTargetDependency */,
			);
			name = SweepTaskUITests;
			productName = SweepTaskUITests;
			productReference = FE40B3472C5036D5005170AF /* SweepTaskUITests.xctest */;
			productType = "com.apple.product-type.bundle.ui-testing";
		};
/* End PBXNativeTarget section */

/* Begin PBXProject section */
		FE40B3252C5036D3005170AF /* Project object */ = {
			isa = PBXProject;
			attributes = {
				BuildIndependentTargetsInParallel = 1;
				LastSwiftUpdateCheck = 1540;
				LastUpgradeCheck = 1540;
				TargetAttributes = {
					FE40B32C2C5036D3005170AF = {
						CreatedOnToolsVersion = 15.4;
					};
					FE40B33C2C5036D5005170AF = {
						CreatedOnToolsVersion = 15.4;
						TestTargetID = FE40B32C2C5036D3005170AF;
					};
					FE40B3462C5036D5005170AF = {
						CreatedOnToolsVersion = 15.4;
						TestTargetID = FE40B32C2C5036D3005170AF;
					};
				};
			};
			buildConfigurationList = FE40B3282C5036D3005170AF /* Build configuration list for PBXProject "SweepTask" */;
			compatibilityVersion = "Xcode 14.0";
			developmentRegion = en;
			hasScannedForEncodings = 0;
			knownRegions = (
				en,
				Base,
			);
			mainGroup = FE40B3242C5036D3005170AF;
			productRefGroup = FE40B32E2C5036D3005170AF /* Products */;
			projectDirPath = "";
			projectRoot = "";
			targets = (
				FE40B32C2C5036D3005170AF /* SweepTask */,
				FE40B33C2C5036D5005170AF /* SweepTaskTests */,
				FE40B3462C5036D5005170AF /* SweepTaskUITests */,
			);
		};
/* End PBXProject section */

/* Begin PBXResourcesBuildPhase section */
		FE40B32B2C5036D3005170AF /* Resources */ = {
			isa = PBXResourcesBuildPhase;
			buildActionMask = 2147483647;
			files = (
				FE40B3382C5036D5005170AF /* Preview Assets.xcassets in Resources */,
				FE40B3352C5036D5005170AF /* Assets.xcassets in Resources */,
			);
			runOnlyForDeploymentPostprocessing = 0;
		};
		FE40B33B2C5036D5005170AF /* Resources */ = {
			isa = PBXResourcesBuildPhase;
			buildActionMask = 2147483647;
			files = (
			);
			runOnlyForDeploymentPostprocessing = 0;
		};
		FE40B3452C5036D5005170AF /* Resources */ = {
			isa = PBXResourcesBuildPhase;
			buildActionMask = 2147483647;
			files = (
			);
			runOnlyForDeploymentPostprocessing = 0;
		};
/* End PBXResourcesBuildPhase section */

/* Begin PBXSourcesBuildPhase section */
		FE40B3292C5036D3005170AF /* Sources */ = {
			isa = PBXSourcesBuildPhase;
			buildActionMask = 2147483647;
			files = (
				FE40B3642C503FB0005170AF /* DeviceLocationView.swift in Sources */,
				FE40B3F42C51DA44005170AF /* ShimmerConfig.swift in Sources */,
				FE40B3682C505346005170AF /* HapticFeedback.swift in Sources */,
				FE40B3F72C51DAA6005170AF /* ShimmerExtensions.swift in Sources */,
				FE40B3662C504B26005170AF /* SignalStrengthView.swift in Sources */,
				FE40B3332C5036D3005170AF /* ContentView.swift in Sources */,
				FE40B35D2C503B16005170AF /* BluetoothManager.swift in Sources */,
				FE40B3EF2C51CB1F005170AF /* ShimmerView.swift in Sources */,
				FE40B3F22C51D9E0005170AF /* ShimmerEffectHelper.swift in Sources */,
				FE40B3ED2C51C99A005170AF /* ProximityRange.swift in Sources */,
				FE40B3602C503B61005170AF /* ScannedDevice.swift in Sources */,
				FE40B3F92C51DCC9005170AF /* DeviceLocationViewModel.swift in Sources */,
				FE40B3312C5036D3005170AF /* SweepTaskApp.swift in Sources */,
				FE40B3EB2C51997B005170AF /* SignalStrengthModel.swift in Sources */,
			);
			runOnlyForDeploymentPostprocessing = 0;
		};
		FE40B3392C5036D5005170AF /* Sources */ = {
			isa = PBXSourcesBuildPhase;
			buildActionMask = 2147483647;
			files = (
				FE40B3422C5036D5005170AF /* SweepTaskTests.swift in Sources */,
			);
			runOnlyForDeploymentPostprocessing = 0;
		};
		FE40B3432C5036D5005170AF /* Sources */ = {
			isa = PBXSourcesBuildPhase;
			buildActionMask = 2147483647;
			files = (
				FE40B34E2C5036D5005170AF /* SweepTaskUITestsLaunchTests.swift in Sources */,
				FE40B34C2C5036D5005170AF /* SweepTaskUITests.swift in Sources */,
			);
			runOnlyForDeploymentPostprocessing = 0;
		};
/* End PBXSourcesBuildPhase section */

/* Begin PBXTargetDependency section */
		FE40B33F2C5036D5005170AF /* PBXTargetDependency */ = {
			isa = PBXTargetDependency;
			target = FE40B32C2C5036D3005170AF /* SweepTask */;
			targetProxy = FE40B33E2C5036D5005170AF /* PBXContainerItemProxy */;
		};
		FE40B3492C5036D5005170AF /* PBXTargetDependency */ = {
			isa = PBXTargetDependency;
			target = FE40B32C2C5036D3005170AF /* SweepTask */;
			targetProxy = FE40B3482C5036D5005170AF /* PBXContainerItemProxy */;
		};
/* End PBXTargetDependency section */

/* Begin XCBuildConfiguration section */
		FE40B34F2C5036D5005170AF /* Debug */ = {
			isa = XCBuildConfiguration;
			buildSettings = {
				ALWAYS_SEARCH_USER_PATHS = NO;
				ASSETCATALOG_COMPILER_GENERATE_SWIFT_ASSET_SYMBOL_EXTENSIONS = YES;
				CLANG_ANALYZER_NONNULL = YES;
				CLANG_ANALYZER_NUMBER_OBJECT_CONVERSION = YES_AGGRESSIVE;
				CLANG_CXX_LANGUAGE_STANDARD = "gnu++20";
				CLANG_ENABLE_MODULES = YES;
				CLANG_ENABLE_OBJC_ARC = YES;
				CLANG_ENABLE_OBJC_WEAK = YES;
				CLANG_WARN_BLOCK_CAPTURE_AUTORELEASING = YES;
				CLANG_WARN_BOOL_CONVERSION = YES;
				CLANG_WARN_COMMA = YES;
				CLANG_WARN_CONSTANT_CONVERSION = YES;
				CLANG_WARN_DEPRECATED_OBJC_IMPLEMENTATIONS = YES;
				CLANG_WARN_DIRECT_OBJC_ISA_USAGE = YES_ERROR;
				CLANG_WARN_DOCUMENTATION_COMMENTS = YES;
				CLANG_WARN_EMPTY_BODY = YES;
				CLANG_WARN_ENUM_CONVERSION = YES;
				CLANG_WARN_INFINITE_RECURSION = YES;
				CLANG_WARN_INT_CONVERSION = YES;
				CLANG_WARN_NON_LITERAL_NULL_CONVERSION = YES;
				CLANG_WARN_OBJC_IMPLICIT_RETAIN_SELF = YES;
				CLANG_WARN_OBJC_LITERAL_CONVERSION = YES;
				CLANG_WARN_OBJC_ROOT_CLASS = YES_ERROR;
				CLANG_WARN_QUOTED_INCLUDE_IN_FRAMEWORK_HEADER = YES;
				CLANG_WARN_RANGE_LOOP_ANALYSIS = YES;
				CLANG_WARN_STRICT_PROTOTYPES = YES;
				CLANG_WARN_SUSPICIOUS_MOVE = YES;
				CLANG_WARN_UNGUARDED_AVAILABILITY = YES_AGGRESSIVE;
				CLANG_WARN_UNREACHABLE_CODE = YES;
				CLANG_WARN__DUPLICATE_METHOD_MATCH = YES;
				COPY_PHASE_STRIP = NO;
				DEBUG_INFORMATION_FORMAT = dwarf;
				ENABLE_STRICT_OBJC_MSGSEND = YES;
				ENABLE_TESTABILITY = YES;
				ENABLE_USER_SCRIPT_SANDBOXING = YES;
				GCC_C_LANGUAGE_STANDARD = gnu17;
				GCC_DYNAMIC_NO_PIC = NO;
				GCC_NO_COMMON_BLOCKS = YES;
				GCC_OPTIMIZATION_LEVEL = 0;
				GCC_PREPROCESSOR_DEFINITIONS = (
					"DEBUG=1",
					"$(inherited)",
				);
				GCC_WARN_64_TO_32_BIT_CONVERSION = YES;
				GCC_WARN_ABOUT_RETURN_TYPE = YES_ERROR;
				GCC_WARN_UNDECLARED_SELECTOR = YES;
				GCC_WARN_UNINITIALIZED_AUTOS = YES_AGGRESSIVE;
				GCC_WARN_UNUSED_FUNCTION = YES;
				GCC_WARN_UNUSED_VARIABLE = YES;
				IPHONEOS_DEPLOYMENT_TARGET = 17.5;
				LOCALIZATION_PREFERS_STRING_CATALOGS = YES;
				MTL_ENABLE_DEBUG_INFO = INCLUDE_SOURCE;
				MTL_FAST_MATH = YES;
				ONLY_ACTIVE_ARCH = YES;
				SDKROOT = iphoneos;
				SWIFT_ACTIVE_COMPILATION_CONDITIONS = "DEBUG $(inherited)";
				SWIFT_OPTIMIZATION_LEVEL = "-Onone";
			};
			name = Debug;
		};
		FE40B3502C5036D5005170AF /* Release */ = {
			isa = XCBuildConfiguration;
			buildSettings = {
				ALWAYS_SEARCH_USER_PATHS = NO;
				ASSETCATALOG_COMPILER_GENERATE_SWIFT_ASSET_SYMBOL_EXTENSIONS = YES;
				CLANG_ANALYZER_NONNULL = YES;
				CLANG_ANALYZER_NUMBER_OBJECT_CONVERSION = YES_AGGRESSIVE;
				CLANG_CXX_LANGUAGE_STANDARD = "gnu++20";
				CLANG_ENABLE_MODULES = YES;
				CLANG_ENABLE_OBJC_ARC = YES;
				CLANG_ENABLE_OBJC_WEAK = YES;
				CLANG_WARN_BLOCK_CAPTURE_AUTORELEASING = YES;
				CLANG_WARN_BOOL_CONVERSION = YES;
				CLANG_WARN_COMMA = YES;
				CLANG_WARN_CONSTANT_CONVERSION = YES;
				CLANG_WARN_DEPRECATED_OBJC_IMPLEMENTATIONS = YES;
				CLANG_WARN_DIRECT_OBJC_ISA_USAGE = YES_ERROR;
				CLANG_WARN_DOCUMENTATION_COMMENTS = YES;
				CLANG_WARN_EMPTY_BODY = YES;
				CLANG_WARN_ENUM_CONVERSION = YES;
				CLANG_WARN_INFINITE_RECURSION = YES;
				CLANG_WARN_INT_CONVERSION = YES;
				CLANG_WARN_NON_LITERAL_NULL_CONVERSION = YES;
				CLANG_WARN_OBJC_IMPLICIT_RETAIN_SELF = YES;
				CLANG_WARN_OBJC_LITERAL_CONVERSION = YES;
				CLANG_WARN_OBJC_ROOT_CLASS = YES_ERROR;
				CLANG_WARN_QUOTED_INCLUDE_IN_FRAMEWORK_HEADER = YES;
				CLANG_WARN_RANGE_LOOP_ANALYSIS = YES;
				CLANG_WARN_STRICT_PROTOTYPES = YES;
				CLANG_WARN_SUSPICIOUS_MOVE = YES;
				CLANG_WARN_UNGUARDED_AVAILABILITY = YES_AGGRESSIVE;
				CLANG_WARN_UNREACHABLE_CODE = YES;
				CLANG_WARN__DUPLICATE_METHOD_MATCH = YES;
				COPY_PHASE_STRIP = NO;
				DEBUG_INFORMATION_FORMAT = "dwarf-with-dsym";
				ENABLE_NS_ASSERTIONS = NO;
				ENABLE_STRICT_OBJC_MSGSEND = YES;
				ENABLE_USER_SCRIPT_SANDBOXING = YES;
				GCC_C_LANGUAGE_STANDARD = gnu17;
				GCC_NO_COMMON_BLOCKS = YES;
				GCC_WARN_64_TO_32_BIT_CONVERSION = YES;
				GCC_WARN_ABOUT_RETURN_TYPE = YES_ERROR;
				GCC_WARN_UNDECLARED_SELECTOR = YES;
				GCC_WARN_UNINITIALIZED_AUTOS = YES_AGGRESSIVE;
				GCC_WARN_UNUSED_FUNCTION = YES;
				GCC_WARN_UNUSED_VARIABLE = YES;
				IPHONEOS_DEPLOYMENT_TARGET = 17.5;
				LOCALIZATION_PREFERS_STRING_CATALOGS = YES;
				MTL_ENABLE_DEBUG_INFO = NO;
				MTL_FAST_MATH = YES;
				SDKROOT = iphoneos;
				SWIFT_COMPILATION_MODE = wholemodule;
				VALIDATE_PRODUCT = YES;
			};
			name = Release;
		};
		FE40B3522C5036D5005170AF /* Debug */ = {
			isa = XCBuildConfiguration;
			buildSettings = {
				ASSETCATALOG_COMPILER_APPICON_NAME = AppIcon;
				ASSETCATALOG_COMPILER_GLOBAL_ACCENT_COLOR_NAME = AccentColor;
				CODE_SIGN_STYLE = Automatic;
				CURRENT_PROJECT_VERSION = 1;
				DEVELOPMENT_ASSET_PATHS = "\"SweepTask/Preview Content\"";
				DEVELOPMENT_TEAM = 4LBT7283WA;
				ENABLE_PREVIEWS = YES;
				GENERATE_INFOPLIST_FILE = YES;
				INFOPLIST_FILE = SweepTask/Info.plist;
				INFOPLIST_KEY_NSBluetoothAlwaysUsageDescription = "This app uses Bluetooth to find nearby devices";
				INFOPLIST_KEY_NSBluetoothPeripheralUsageDescription = "This app uses Bluetooth to find nearby devices";
				INFOPLIST_KEY_UIApplicationSceneManifest_Generation = YES;
				INFOPLIST_KEY_UIApplicationSupportsIndirectInputEvents = YES;
				INFOPLIST_KEY_UILaunchScreen_Generation = YES;
				INFOPLIST_KEY_UISupportedInterfaceOrientations_iPad = "UIInterfaceOrientationPortrait UIInterfaceOrientationPortraitUpsideDown UIInterfaceOrientationLandscapeLeft UIInterfaceOrientationLandscapeRight";
				INFOPLIST_KEY_UISupportedInterfaceOrientations_iPhone = "UIInterfaceOrientationPortrait UIInterfaceOrientationLandscapeLeft UIInterfaceOrientationLandscapeRight";
				LD_RUNPATH_SEARCH_PATHS = (
					"$(inherited)",
					"@executable_path/Frameworks",
				);
				MARKETING_VERSION = 1.0;
				PRODUCT_BUNDLE_IDENTIFIER = Sam.SweepTask;
				PRODUCT_NAME = "$(TARGET_NAME)";
				SWIFT_EMIT_LOC_STRINGS = YES;
				SWIFT_VERSION = 5.0;
				TARGETED_DEVICE_FAMILY = "1,2";
			};
			name = Debug;
		};
		FE40B3532C5036D5005170AF /* Release */ = {
			isa = XCBuildConfiguration;
			buildSettings = {
				ASSETCATALOG_COMPILER_APPICON_NAME = AppIcon;
				ASSETCATALOG_COMPILER_GLOBAL_ACCENT_COLOR_NAME = AccentColor;
				CODE_SIGN_STYLE = Automatic;
				CURRENT_PROJECT_VERSION = 1;
				DEVELOPMENT_ASSET_PATHS = "\"SweepTask/Preview Content\"";
				DEVELOPMENT_TEAM = 4LBT7283WA;
				ENABLE_PREVIEWS = YES;
				GENERATE_INFOPLIST_FILE = YES;
				INFOPLIST_FILE = SweepTask/Info.plist;
				INFOPLIST_KEY_NSBluetoothAlwaysUsageDescription = "This app uses Bluetooth to find nearby devices";
				INFOPLIST_KEY_NSBluetoothPeripheralUsageDescription = "This app uses Bluetooth to find nearby devices";
				INFOPLIST_KEY_UIApplicationSceneManifest_Generation = YES;
				INFOPLIST_KEY_UIApplicationSupportsIndirectInputEvents = YES;
				INFOPLIST_KEY_UILaunchScreen_Generation = YES;
				INFOPLIST_KEY_UISupportedInterfaceOrientations_iPad = "UIInterfaceOrientationPortrait UIInterfaceOrientationPortraitUpsideDown UIInterfaceOrientationLandscapeLeft UIInterfaceOrientationLandscapeRight";
				INFOPLIST_KEY_UISupportedInterfaceOrientations_iPhone = "UIInterfaceOrientationPortrait UIInterfaceOrientationLandscapeLeft UIInterfaceOrientationLandscapeRight";
				LD_RUNPATH_SEARCH_PATHS = (
					"$(inherited)",
					"@executable_path/Frameworks",
				);
				MARKETING_VERSION = 1.0;
				PRODUCT_BUNDLE_IDENTIFIER = Sam.SweepTask;
				PRODUCT_NAME = "$(TARGET_NAME)";
				SWIFT_EMIT_LOC_STRINGS = YES;
				SWIFT_VERSION = 5.0;
				TARGETED_DEVICE_FAMILY = "1,2";
			};
			name = Release;
		};
		FE40B3552C5036D5005170AF /* Debug */ = {
			isa = XCBuildConfiguration;
			buildSettings = {
				ALWAYS_EMBED_SWIFT_STANDARD_LIBRARIES = YES;
				BUNDLE_LOADER = "$(TEST_HOST)";
				CODE_SIGN_STYLE = Automatic;
				CURRENT_PROJECT_VERSION = 1;
				DEVELOPMENT_TEAM = 4LBT7283WA;
				GENERATE_INFOPLIST_FILE = YES;
				IPHONEOS_DEPLOYMENT_TARGET = 17.5;
				MARKETING_VERSION = 1.0;
				PRODUCT_BUNDLE_IDENTIFIER = Sam.SweepTaskTests;
				PRODUCT_NAME = "$(TARGET_NAME)";
				SWIFT_EMIT_LOC_STRINGS = NO;
				SWIFT_VERSION = 5.0;
				TARGETED_DEVICE_FAMILY = "1,2";
				TEST_HOST = "$(BUILT_PRODUCTS_DIR)/SweepTask.app/$(BUNDLE_EXECUTABLE_FOLDER_PATH)/SweepTask";
			};
			name = Debug;
		};
		FE40B3562C5036D5005170AF /* Release */ = {
			isa = XCBuildConfiguration;
			buildSettings = {
				ALWAYS_EMBED_SWIFT_STANDARD_LIBRARIES = YES;
				BUNDLE_LOADER = "$(TEST_HOST)";
				CODE_SIGN_STYLE = Automatic;
				CURRENT_PROJECT_VERSION = 1;
				DEVELOPMENT_TEAM = 4LBT7283WA;
				GENERATE_INFOPLIST_FILE = YES;
				IPHONEOS_DEPLOYMENT_TARGET = 17.5;
				MARKETING_VERSION = 1.0;
				PRODUCT_BUNDLE_IDENTIFIER = Sam.SweepTaskTests;
				PRODUCT_NAME = "$(TARGET_NAME)";
				SWIFT_EMIT_LOC_STRINGS = NO;
				SWIFT_VERSION = 5.0;
				TARGETED_DEVICE_FAMILY = "1,2";
				TEST_HOST = "$(BUILT_PRODUCTS_DIR)/SweepTask.app/$(BUNDLE_EXECUTABLE_FOLDER_PATH)/SweepTask";
			};
			name = Release;
		};
		FE40B3582C5036D5005170AF /* Debug */ = {
			isa = XCBuildConfiguration;
			buildSettings = {
				ALWAYS_EMBED_SWIFT_STANDARD_LIBRARIES = YES;
				CODE_SIGN_STYLE = Automatic;
				CURRENT_PROJECT_VERSION = 1;
				DEVELOPMENT_TEAM = 4LBT7283WA;
				GENERATE_INFOPLIST_FILE = YES;
				MARKETING_VERSION = 1.0;
				PRODUCT_BUNDLE_IDENTIFIER = Sam.SweepTaskUITests;
				PRODUCT_NAME = "$(TARGET_NAME)";
				SWIFT_EMIT_LOC_STRINGS = NO;
				SWIFT_VERSION = 5.0;
				TARGETED_DEVICE_FAMILY = "1,2";
				TEST_TARGET_NAME = SweepTask;
			};
			name = Debug;
		};
		FE40B3592C5036D5005170AF /* Release */ = {
			isa = XCBuildConfiguration;
			buildSettings = {
				ALWAYS_EMBED_SWIFT_STANDARD_LIBRARIES = YES;
				CODE_SIGN_STYLE = Automatic;
				CURRENT_PROJECT_VERSION = 1;
				DEVELOPMENT_TEAM = 4LBT7283WA;
				GENERATE_INFOPLIST_FILE = YES;
				MARKETING_VERSION = 1.0;
				PRODUCT_BUNDLE_IDENTIFIER = Sam.SweepTaskUITests;
				PRODUCT_NAME = "$(TARGET_NAME)";
				SWIFT_EMIT_LOC_STRINGS = NO;
				SWIFT_VERSION = 5.0;
				TARGETED_DEVICE_FAMILY = "1,2";
				TEST_TARGET_NAME = SweepTask;
			};
			name = Release;
		};
/* End XCBuildConfiguration section */

/* Begin XCConfigurationList section */
		FE40B3282C5036D3005170AF /* Build configuration list for PBXProject "SweepTask" */ = {
			isa = XCConfigurationList;
			buildConfigurations = (
				FE40B34F2C5036D5005170AF /* Debug */,
				FE40B3502C5036D5005170AF /* Release */,
			);
			defaultConfigurationIsVisible = 0;
			defaultConfigurationName = Release;
		};
		FE40B3512C5036D5005170AF /* Build configuration list for PBXNativeTarget "SweepTask" */ = {
			isa = XCConfigurationList;
			buildConfigurations = (
				FE40B3522C5036D5005170AF /* Debug */,
				FE40B3532C5036D5005170AF /* Release */,
			);
			defaultConfigurationIsVisible = 0;
			defaultConfigurationName = Release;
		};
		FE40B3542C5036D5005170AF /* Build configuration list for PBXNativeTarget "SweepTaskTests" */ = {
			isa = XCConfigurationList;
			buildConfigurations = (
				FE40B3552C5036D5005170AF /* Debug */,
				FE40B3562C5036D5005170AF /* Release */,
			);
			defaultConfigurationIsVisible = 0;
			defaultConfigurationName = Release;
		};
		FE40B3572C5036D5005170AF /* Build configuration list for PBXNativeTarget "SweepTaskUITests" */ = {
			isa = XCConfigurationList;
			buildConfigurations = (
				FE40B3582C5036D5005170AF /* Debug */,
				FE40B3592C5036D5005170AF /* Release */,
			);
			defaultConfigurationIsVisible = 0;
			defaultConfigurationName = Release;
		};
/* End XCConfigurationList section */
	};
	rootObject = FE40B3252C5036D3005170AF /* Project object */;
}
